
Microsoft Visual Studio Solution File, Format Version 12.00
Project("{FAE04EC0-301F-11D3-BF4B-00C04F79EFBC}") = "MobileCardioMeasurement", "MobileCardioMeasurement\MobileCardioMeasurement\MobileCardioMeasurement.csproj", "{D77C5037-22B6-4CF2-866D-94003F04C7DE}"
EndProject
Project("{FAE04EC0-301F-11D3-BF4B-00C04F79EFBC}") = "MobileCardioMeasurement.Android", "MobileCardioMeasurement\MobileCardioMeasurement.Android\MobileCardioMeasurement.Android.csproj", "{B1FB1DFA-6C51-4107-93AA-25907D1B6458}"
EndProject
Project("{FAE04EC0-301F-11D3-BF4B-00C04F79EFBC}") = "MobileCardioMeasurement.iOS", "MobileCardioMeasurement\MobileCardioMeasurement.iOS\MobileCardioMeasurement.iOS.csproj", "{437A6B8A-13C4-41DA-B308-F4259057789A}"
EndProject
Global
	GlobalSection(SolutionConfigurationPlatforms) = preSolution
		Ad-Hoc|iPhone = Ad-Hoc|iPhone
		AppStore|iPhone = AppStore|iPhone
		Debug|Any CPU = Debug|Any CPU
		Debug|iPhone = Debug|iPhone
		Debug|iPhoneSimulator = Debug|iPhoneSimulator
		Release|Any CPU = Release|Any CPU
		Release|iPhone = Release|iPhone
		Release|iPhoneSimulator = Release|iPhoneSimulator
	EndGlobalSection
	GlobalSection(ProjectConfigurationPlatforms) = postSolution
		{D77C5037-22B6-4CF2-866D-94003F04C7DE}.Ad-Hoc|iPhone.ActiveCfg = Debug|Any CPU
		{D77C5037-22B6-4CF2-866D-94003F04C7DE}.Ad-Hoc|iPhone.Build.0 = Debug|Any CPU
		{D77C5037-22B6-4CF2-866D-94003F04C7DE}.AppStore|iPhone.ActiveCfg = Debug|Any CPU
		{D77C5037-22B6-4CF2-866D-94003F04C7DE}.AppStore|iPhone.Build.0 = Debug|Any CPU
		{D77C5037-22B6-4CF2-866D-94003F04C7DE}.Debug|Any CPU.ActiveCfg = Debug|Any CPU
		{D77C5037-22B6-4CF2-866D-94003F04C7DE}.Debug|Any CPU.Build.0 = Debug|Any CPU
		{D77C5037-22B6-4CF2-866D-94003F04C7DE}.Debug|iPhone.ActiveCfg = Debug|Any CPU
		{D77C5037-22B6-4CF2-866D-94003F04C7DE}.Debug|iPhone.Build.0 = Debug|Any CPU
		{D77C5037-22B6-4CF2-866D-94003F04C7DE}.Debug|iPhoneSimulator.ActiveCfg = Debug|Any CPU
		{D77C5037-22B6-4CF2-866D-94003F04C7DE}.Debug|iPhoneSimulator.Build.0 = Debug|Any CPU
		{D77C5037-22B6-4CF2-866D-94003F04C7DE}.Release|Any CPU.ActiveCfg = Release|Any CPU
		{D77C5037-22B6-4CF2-866D-94003F04C7DE}.Release|Any CPU.Build.0 = Release|Any CPU
		{D77C5037-22B6-4CF2-866D-94003F04C7DE}.Release|iPhone.ActiveCfg = Release|Any CPU
		{D77C5037-22B6-4CF2-866D-94003F04C7DE}.Release|iPhone.Build.0 = Release|Any CPU
		{D77C5037-22B6-4CF2-866D-94003F04C7DE}.Release|iPhoneSimulator.ActiveCfg = Release|Any CPU
		{D77C5037-22B6-4CF2-866D-94003F04C7DE}.Release|iPhoneSimulator.Build.0 = Release|Any CPU
		{B1FB1DFA-6C51-4107-93AA-25907D1B6458}.Ad-Hoc|iPhone.ActiveCfg = Debug|Any CPU
		{B1FB1DFA-6C51-4107-93AA-25907D1B6458}.Ad-Hoc|iPhone.Build.0 = Debug|Any CPU
		{B1FB1DFA-6C51-4107-93AA-25907D1B6458}.Ad-Hoc|iPhone.Deploy.0 = Debug|Any CPU
		{B1FB1DFA-6C51-4107-93AA-25907D1B6458}.AppStore|iPhone.ActiveCfg = Debug|Any CPU
		{B1FB1DFA-6C51-4107-93AA-25907D1B6458}.AppStore|iPhone.Build.0 = Debug|Any CPU
		{B1FB1DFA-6C51-4107-93AA-25907D1B6458}.AppStore|iPhone.Deploy.0 = Debug|Any CPU
		{B1FB1DFA-6C51-4107-93AA-25907D1B6458}.Debug|Any CPU.ActiveCfg = Debug|Any CPU
		{B1FB1DFA-6C51-4107-93AA-25907D1B6458}.Debug|Any CPU.Build.0 = Debug|Any CPU
		{B1FB1DFA-6C51-4107-93AA-25907D1B6458}.Debug|Any CPU.Deploy.0 = Debug|Any CPU
		{B1FB1DFA-6C51-4107-93AA-25907D1B6458}.Debug|iPhone.ActiveCfg = Debug|Any CPU
		{B1FB1DFA-6C51-4107-93AA-25907D1B6458}.Debug|iPhone.Build.0 = Debug|Any CPU
		{B1FB1DFA-6C51-4107-93AA-25907D1B6458}.Debug|iPhone.Deploy.0 = Debug|Any CPU
		{B1FB1DFA-6C51-4107-93AA-25907D1B6458}.Debug|iPhoneSimulator.ActiveCfg = Debug|Any CPU
		{B1FB1DFA-6C51-4107-93AA-25907D1B6458}.Debug|iPhoneSimulator.Build.0 = Debug|Any CPU
		{B1FB1DFA-6C51-4107-93AA-25907D1B6458}.Debug|iPhoneSimulator.Deploy.0 = Debug|Any CPU
		{B1FB1DFA-6C51-4107-93AA-25907D1B6458}.Release|Any CPU.ActiveCfg = Release|Any CPU
		{B1FB1DFA-6C51-4107-93AA-25907D1B6458}.Release|Any CPU.Build.0 = Release|Any CPU
		{B1FB1DFA-6C51-4107-93AA-25907D1B6458}.Release|Any CPU.Deploy.0 = Release|Any CPU
		{B1FB1DFA-6C51-4107-93AA-25907D1B6458}.Release|iPhone.ActiveCfg = Release|Any CPU
		{B1FB1DFA-6C51-4107-93AA-25907D1B6458}.Release|iPhone.Build.0 = Release|Any CPU
		{B1FB1DFA-6C51-4107-93AA-25907D1B6458}.Release|iPhone.Deploy.0 = Release|Any CPU
		{B1FB1DFA-6C51-4107-93AA-25907D1B6458}.Release|iPhoneSimulator.ActiveCfg = Release|Any CPU
		{B1FB1DFA-6C51-4107-93AA-25907D1B6458}.Release|iPhoneSimulator.Build.0 = Release|Any CPU
		{B1FB1DFA-6C51-4107-93AA-25907D1B6458}.Release|iPhoneSimulator.Deploy.0 = Release|Any CPU
		{437A6B8A-13C4-41DA-B308-F4259057789A}.Ad-Hoc|iPhone.ActiveCfg = Ad-Hoc|iPhone
		{437A6B8A-13C4-41DA-B308-F4259057789A}.Ad-Hoc|iPhone.Build.0 = Ad-Hoc|iPhone
		{437A6B8A-13C4-41DA-B308-F4259057789A}.Ad-Hoc|iPhone.Deploy.0 = Ad-Hoc|iPhone
		{437A6B8A-13C4-41DA-B308-F4259057789A}.AppStore|iPhone.ActiveCfg = AppStore|iPhone
		{437A6B8A-13C4-41DA-B308-F4259057789A}.AppStore|iPhone.Build.0 = AppStore|iPhone
		{437A6B8A-13C4-41DA-B308-F4259057789A}.AppStore|iPhone.Deploy.0 = AppStore|iPhone
		{437A6B8A-13C4-41DA-B308-F4259057789A}.Debug|Any CPU.ActiveCfg = Debug|iPhoneSimulator
		{437A6B8A-13C4-41DA-B308-F4259057789A}.Debug|Any CPU.Build.0 = Debug|iPhoneSimulator
		{437A6B8A-13C4-41DA-B308-F4259057789A}.Debug|Any CPU.Deploy.0 = Debug|iPhoneSimulator
		{437A6B8A-13C4-41DA-B308-F4259057789A}.Debug|iPhone.ActiveCfg = Debug|iPhone
		{437A6B8A-13C4-41DA-B308-F4259057789A}.Debug|iPhone.Build.0 = Debug|iPhone
		{437A6B8A-13C4-41DA-B308-F4259057789A}.Debug|iPhone.Deploy.0 = Debug|iPhone
		{437A6B8A-13C4-41DA-B308-F4259057789A}.Debug|iPhoneSimulator.ActiveCfg = Debug|iPhoneSimulator
		{437A6B8A-13C4-41DA-B308-F4259057789A}.Debug|iPhoneSimulator.Build.0 = Debug|iPhoneSimulator
		{437A6B8A-13C4-41DA-B308-F4259057789A}.Debug|iPhoneSimulator.Deploy.0 = Debug|iPhoneSimulator
		{437A6B8A-13C4-41DA-B308-F4259057789A}.Release|Any CPU.ActiveCfg = Release|iPhoneSimulator
		{437A6B8A-13C4-41DA-B308-F4259057789A}.Release|Any CPU.Build.0 = Release|iPhoneSimulator
		{437A6B8A-13C4-41DA-B308-F4259057789A}.Release|Any CPU.Deploy.0 = Release|iPhoneSimulator
		{437A6B8A-13C4-41DA-B308-F4259057789A}.Release|iPhone.ActiveCfg = Release|iPhone
		{437A6B8A-13C4-41DA-B308-F4259057789A}.Release|iPhone.Build.0 = Release|iPhone
		{437A6B8A-13C4-41DA-B308-F4259057789A}.Release|iPhone.Deploy.0 = Release|iPhone
		{437A6B8A-13C4-41DA-B308-F4259057789A}.Release|iPhoneSimulator.ActiveCfg = Release|iPhoneSimulator
		{437A6B8A-13C4-41DA-B308-F4259057789A}.Release|iPhoneSimulator.Build.0 = Release|iPhoneSimulator
		{437A6B8A-13C4-41DA-B308-F4259057789A}.Release|iPhoneSimulator.Deploy.0 = Release|iPhoneSimulator
	EndGlobalSection
EndGlobal
